
Microsoft Visual Studio Solution File, Format Version 12.00
# Visual Studio 15
VisualStudioVersion = 15.0.28010.2036
MinimumVisualStudioVersion = 10.0.40219.1
Project("{8BC9CEB8-8B4A-11D0-8D11-00A0C91BC942}") = "SuperHaxagon", "SuperHaxagon.vcxproj", "{CB107249-AE5D-4601-933B-804714FE6912}"
EndProject
Project("{8BC9CEB8-8B4A-11D0-8D11-00A0C91BC942}") = "SuperHaxagonDLL", "SuperHaxagonDLL\SuperHaxagonDLL.vcxproj", "{7201122C-D594-449B-BF67-C354660CA71B}"
EndProject
Global
	GlobalSection(SolutionConfigurationPlatforms) = preSolution
		Debug|x64 = Debug|x64
		Debug|x86 = Debug|x86
		Release|x64 = Release|x64
		Release|x86 = Release|x86
	EndGlobalSection
	GlobalSection(ProjectConfigurationPlatforms) = postSolution
		{CB107249-AE5D-4601-933B-804714FE6912}.Debug|x64.ActiveCfg = Debug|Win32
		{CB107249-AE5D-4601-933B-804714FE6912}.Debug|x86.ActiveCfg = Debug|Win32
		{CB107249-AE5D-4601-933B-804714FE6912}.Debug|x86.Build.0 = Debug|Win32
		{CB107249-AE5D-4601-933B-804714FE6912}.Release|x64.ActiveCfg = Release|Win32
		{CB107249-AE5D-4601-933B-804714FE6912}.Release|x86.ActiveCfg = Release|Win32
		{CB107249-AE5D-4601-933B-804714FE6912}.Release|x86.Build.0 = Release|Win32
		{7201122C-D594-449B-BF67-C354660CA71B}.Debug|x64.ActiveCfg = Debug|Win32
		{7201122C-D594-449B-BF67-C354660CA71B}.Debug|x86.ActiveCfg = Debug|Win32
		{7201122C-D594-449B-BF67-C354660CA71B}.Debug|x86.Build.0 = Debug|Win32
		{7201122C-D594-449B-BF67-C354660CA71B}.Release|x64.ActiveCfg = Release|Win32
		{7201122C-D594-449B-BF67-C354660CA71B}.Release|x86.ActiveCfg = Release|Win32
		{7201122C-D594-449B-BF67-C354660CA71B}.Release|x86.Build.0 = Release|Win32
	EndGlobalSection
	GlobalSection(SolutionProperties) = preSolution
		HideSolutionNode = FALSE
	EndGlobalSection
	GlobalSection(ExtensibilityGlobals) = postSolution
		SolutionGuid = {C55434D1-821D-4902-9451-82F89DB6B725}
	EndGlobalSection
EndGlobal
